
Microsoft Visual Studio Solution File, Format Version 11.00
# Visual Studio 2010
Project("{FAE04EC0-301F-11D3-BF4B-00C04F79EFBC}") = "Assembly-CSharp", "Assembly-CSharp.csproj", "{3834a5b9-ee0f-edd0-0206-d1f93e6352dc}"
EndProject
Project("{FAE04EC0-301F-11D3-BF4B-00C04F79EFBC}") = "Assembly-CSharp-Editor", "Assembly-CSharp-Editor.csproj", "{874be917-6c85-5f9d-62cf-b4d6e5ebea2e}"
EndProject
Global
	GlobalSection(SolutionConfigurationPlatforms) = preSolution
		Debug|Any CPU = Debug|Any CPU
		Release|Any CPU = Release|Any CPU
	EndGlobalSection
	GlobalSection(ProjectConfigurationPlatforms) = postSolution
		{3834a5b9-ee0f-edd0-0206-d1f93e6352dc}.Debug|Any CPU.ActiveCfg = Debug|Any CPU
		{3834a5b9-ee0f-edd0-0206-d1f93e6352dc}.Debug|Any CPU.Build.0 = Debug|Any CPU
		{3834a5b9-ee0f-edd0-0206-d1f93e6352dc}.Release|Any CPU.ActiveCfg = Release|Any CPU
		{3834a5b9-ee0f-edd0-0206-d1f93e6352dc}.Release|Any CPU.Build.0 = Release|Any CPU
		{874be917-6c85-5f9d-62cf-b4d6e5ebea2e}.Debug|Any CPU.ActiveCfg = Debug|Any CPU
		{874be917-6c85-5f9d-62cf-b4d6e5ebea2e}.Debug|Any CPU.Build.0 = Debug|Any CPU
		{874be917-6c85-5f9d-62cf-b4d6e5ebea2e}.Release|Any CPU.ActiveCfg = Release|Any CPU
		{874be917-6c85-5f9d-62cf-b4d6e5ebea2e}.Release|Any CPU.Build.0 = Release|Any CPU
	EndGlobalSection
	GlobalSection(SolutionProperties) = preSolution
		HideSolutionNode = FALSE
	EndGlobalSection
EndGlobal
