
Microsoft Visual Studio Solution File, Format Version 11.00
# Visual Studio 2010
Project("{FAE04EC0-301F-11D3-BF4B-00C04F79EFBC}") = "Assembly-CSharp", "Assembly-CSharp.csproj", "{04ec19dd-f27f-b8cc-2b15-be05a7bbe394}"
EndProject
Project("{FAE04EC0-301F-11D3-BF4B-00C04F79EFBC}") = "Assembly-CSharp-Editor", "Assembly-CSharp-Editor.csproj", "{8081f357-55db-6f4d-6dac-44bcb78b3623}"
EndProject
Global
	GlobalSection(SolutionConfigurationPlatforms) = preSolution
		Debug|Any CPU = Debug|Any CPU
		Release|Any CPU = Release|Any CPU
	EndGlobalSection
	GlobalSection(ProjectConfigurationPlatforms) = postSolution
		{04ec19dd-f27f-b8cc-2b15-be05a7bbe394}.Debug|Any CPU.ActiveCfg = Debug|Any CPU
		{04ec19dd-f27f-b8cc-2b15-be05a7bbe394}.Debug|Any CPU.Build.0 = Debug|Any CPU
		{04ec19dd-f27f-b8cc-2b15-be05a7bbe394}.Release|Any CPU.ActiveCfg = Release|Any CPU
		{04ec19dd-f27f-b8cc-2b15-be05a7bbe394}.Release|Any CPU.Build.0 = Release|Any CPU
		{8081f357-55db-6f4d-6dac-44bcb78b3623}.Debug|Any CPU.ActiveCfg = Debug|Any CPU
		{8081f357-55db-6f4d-6dac-44bcb78b3623}.Debug|Any CPU.Build.0 = Debug|Any CPU
		{8081f357-55db-6f4d-6dac-44bcb78b3623}.Release|Any CPU.ActiveCfg = Release|Any CPU
		{8081f357-55db-6f4d-6dac-44bcb78b3623}.Release|Any CPU.Build.0 = Release|Any CPU
	EndGlobalSection
	GlobalSection(SolutionProperties) = preSolution
		HideSolutionNode = FALSE
	EndGlobalSection
EndGlobal
