
Microsoft Visual Studio Solution File, Format Version 11.00
# Visual Studio 2010
Project("{FAE04EC0-301F-11D3-BF4B-00C04F79EFBC}") = "Assembly-CSharp", "Assembly-CSharp.csproj", "{b07952b7-d76b-4110-7e07-cee175843ac1}"
EndProject
Project("{FAE04EC0-301F-11D3-BF4B-00C04F79EFBC}") = "Assembly-CSharp-Editor", "Assembly-CSharp-Editor.csproj", "{8b0dfff6-92e9-c6d5-6d7c-d46a2b73d78f}"
EndProject
Global
	GlobalSection(SolutionConfigurationPlatforms) = preSolution
		Debug|Any CPU = Debug|Any CPU
		Release|Any CPU = Release|Any CPU
	EndGlobalSection
	GlobalSection(ProjectConfigurationPlatforms) = postSolution
		{b07952b7-d76b-4110-7e07-cee175843ac1}.Debug|Any CPU.ActiveCfg = Debug|Any CPU
		{b07952b7-d76b-4110-7e07-cee175843ac1}.Debug|Any CPU.Build.0 = Debug|Any CPU
		{b07952b7-d76b-4110-7e07-cee175843ac1}.Release|Any CPU.ActiveCfg = Release|Any CPU
		{b07952b7-d76b-4110-7e07-cee175843ac1}.Release|Any CPU.Build.0 = Release|Any CPU
		{8b0dfff6-92e9-c6d5-6d7c-d46a2b73d78f}.Debug|Any CPU.ActiveCfg = Debug|Any CPU
		{8b0dfff6-92e9-c6d5-6d7c-d46a2b73d78f}.Debug|Any CPU.Build.0 = Debug|Any CPU
		{8b0dfff6-92e9-c6d5-6d7c-d46a2b73d78f}.Release|Any CPU.ActiveCfg = Release|Any CPU
		{8b0dfff6-92e9-c6d5-6d7c-d46a2b73d78f}.Release|Any CPU.Build.0 = Release|Any CPU
	EndGlobalSection
	GlobalSection(SolutionProperties) = preSolution
		HideSolutionNode = FALSE
	EndGlobalSection
EndGlobal
